
Microsoft Visual Studio Solution File, Format Version 12.00
# Visual Studio Version 17
VisualStudioVersion = 17.3.32929.385
MinimumVisualStudioVersion = 10.0.40219.1
Project("{FAE04EC0-301F-11D3-BF4B-00C04F79EFBC}") = "Task2", "Task2\Task2.csproj", "{BADD7648-6900-4E23-8277-5BE761856900}"
EndProject
Global
	GlobalSection(SolutionConfigurationPlatforms) = preSolution
		Debug|Any CPU = Debug|Any CPU
		Release|Any CPU = Release|Any CPU
	EndGlobalSection
	GlobalSection(ProjectConfigurationPlatforms) = postSolution
		{BADD7648-6900-4E23-8277-5BE761856900}.Debug|Any CPU.ActiveCfg = Debug|Any CPU
		{BADD7648-6900-4E23-8277-5BE761856900}.Debug|Any CPU.Build.0 = Debug|Any CPU
		{BADD7648-6900-4E23-8277-5BE761856900}.Release|Any CPU.ActiveCfg = Release|Any CPU
		{BADD7648-6900-4E23-8277-5BE761856900}.Release|Any CPU.Build.0 = Release|Any CPU
	EndGlobalSection
	GlobalSection(SolutionProperties) = preSolution
		HideSolutionNode = FALSE
	EndGlobalSection
	GlobalSection(ExtensibilityGlobals) = postSolution
		SolutionGuid = {B0E876FF-E3C3-4C35-A92D-987C43E27B9D}
	EndGlobalSection
EndGlobal
