
Microsoft Visual Studio Solution File, Format Version 12.00
# Visual Studio Version 17
VisualStudioVersion = 17.3.32929.385
MinimumVisualStudioVersion = 10.0.40219.1
Project("{FAE04EC0-301F-11D3-BF4B-00C04F79EFBC}") = "Task1", "Task1\Task1.csproj", "{C2D1B4FC-585F-48B1-A112-5E32CECD78BB}"
EndProject
Global
	GlobalSection(SolutionConfigurationPlatforms) = preSolution
		Debug|Any CPU = Debug|Any CPU
		Release|Any CPU = Release|Any CPU
	EndGlobalSection
	GlobalSection(ProjectConfigurationPlatforms) = postSolution
		{C2D1B4FC-585F-48B1-A112-5E32CECD78BB}.Debug|Any CPU.ActiveCfg = Debug|Any CPU
		{C2D1B4FC-585F-48B1-A112-5E32CECD78BB}.Debug|Any CPU.Build.0 = Debug|Any CPU
		{C2D1B4FC-585F-48B1-A112-5E32CECD78BB}.Release|Any CPU.ActiveCfg = Release|Any CPU
		{C2D1B4FC-585F-48B1-A112-5E32CECD78BB}.Release|Any CPU.Build.0 = Release|Any CPU
	EndGlobalSection
	GlobalSection(SolutionProperties) = preSolution
		HideSolutionNode = FALSE
	EndGlobalSection
	GlobalSection(ExtensibilityGlobals) = postSolution
		SolutionGuid = {4F721C04-95A8-4AE9-9994-8B7D3D4DEB08}
	EndGlobalSection
EndGlobal
